
Microsoft Visual Studio Solution File, Format Version 12.00
# Visual Studio 15
VisualStudioVersion = 15.0.27130.2036
MinimumVisualStudioVersion = 10.0.40219.1
Project("{FAE04EC0-301F-11D3-BF4B-00C04F79EFBC}") = "PhpTravels", "PhpTravels\PhpTravels.csproj", "{7B272089-E5CB-4EF8-B406-3F693FCA1C97}"
EndProject
Project("{FAE04EC0-301F-11D3-BF4B-00C04F79EFBC}") = "PhpTravelsFramework", "PhpTravelsFramework\PhpTravelsFramework.csproj", "{DAB1A86B-29E5-4EB3-81FD-B0FF0F666F44}"
EndProject
Global
	GlobalSection(SolutionConfigurationPlatforms) = preSolution
		Debug|Any CPU = Debug|Any CPU
		Release|Any CPU = Release|Any CPU
	EndGlobalSection
	GlobalSection(ProjectConfigurationPlatforms) = postSolution
		{7B272089-E5CB-4EF8-B406-3F693FCA1C97}.Debug|Any CPU.ActiveCfg = Debug|Any CPU
		{7B272089-E5CB-4EF8-B406-3F693FCA1C97}.Debug|Any CPU.Build.0 = Debug|Any CPU
		{7B272089-E5CB-4EF8-B406-3F693FCA1C97}.Release|Any CPU.ActiveCfg = Release|Any CPU
		{7B272089-E5CB-4EF8-B406-3F693FCA1C97}.Release|Any CPU.Build.0 = Release|Any CPU
		{DAB1A86B-29E5-4EB3-81FD-B0FF0F666F44}.Debug|Any CPU.ActiveCfg = Debug|Any CPU
		{DAB1A86B-29E5-4EB3-81FD-B0FF0F666F44}.Debug|Any CPU.Build.0 = Debug|Any CPU
		{DAB1A86B-29E5-4EB3-81FD-B0FF0F666F44}.Release|Any CPU.ActiveCfg = Release|Any CPU
		{DAB1A86B-29E5-4EB3-81FD-B0FF0F666F44}.Release|Any CPU.Build.0 = Release|Any CPU
	EndGlobalSection
	GlobalSection(SolutionProperties) = preSolution
		HideSolutionNode = FALSE
	EndGlobalSection
	GlobalSection(ExtensibilityGlobals) = postSolution
		SolutionGuid = {D22291EB-DDCB-436A-B0A0-6F91D0227432}
	EndGlobalSection
EndGlobal
